
Microsoft Visual Studio Solution File, Format Version 12.00
# Visual Studio 15
VisualStudioVersion = 15.0.27130.2010
MinimumVisualStudioVersion = 10.0.40219.1
Project("{FAE04EC0-301F-11D3-BF4B-00C04F79EFBC}") = "Ch01_02Direct3D11_1", "WindowsFormsApplication1\Ch01_02Direct3D11_1.csproj", "{B3FA7D61-F9E5-4D7F-9EBE-9FC12239209D}"
EndProject
Project("{FAE04EC0-301F-11D3-BF4B-00C04F79EFBC}") = "Ch01_03Debugging", "Ch01_03Debugging\Ch01_03Debugging.csproj", "{2994ACD0-C29B-4A36-BBA6-CE59674012F3}"
EndProject
Project("{FAE04EC0-301F-11D3-BF4B-00C04F79EFBC}") = "Common", "Common\Common.csproj", "{939D8319-6E32-4700-BE9F-C1D079F57DDD}"
EndProject
Project("{FAE04EC0-301F-11D3-BF4B-00C04F79EFBC}") = "Ch02_02Texture", "Ch02_01DirectX\Ch02_02Texture.csproj", "{AA3432F9-5F04-46ED-9773-D7E0759DDCDA}"
EndProject
Project("{FAE04EC0-301F-11D3-BF4B-00C04F79EFBC}") = "Ch02_01Primitives", "Ch02_01Primitives\Ch02_01Primitives.csproj", "{C1B39937-D89D-4A32-833F-4A2BC44B661F}"
EndProject
Project("{FAE04EC0-301F-11D3-BF4B-00C04F79EFBC}") = "Ch03_01Cube", "Ch03_01Cube\Ch03_01Cube.csproj", "{43E7624C-ACC9-4154-9363-5CFCFC2B493E}"
EndProject
Project("{FAE04EC0-301F-11D3-BF4B-00C04F79EFBC}") = "Ch03_02CubeWithTexture", "Ch03_02CubeWithTexture\Ch03_02CubeWithTexture.csproj", "{681F85B4-9E2D-4668-8FA4-A33203DF5B6C}"
EndProject
Global
	GlobalSection(SolutionConfigurationPlatforms) = preSolution
		Debug|Any CPU = Debug|Any CPU
		Release|Any CPU = Release|Any CPU
	EndGlobalSection
	GlobalSection(ProjectConfigurationPlatforms) = postSolution
		{B3FA7D61-F9E5-4D7F-9EBE-9FC12239209D}.Debug|Any CPU.ActiveCfg = Debug|Any CPU
		{B3FA7D61-F9E5-4D7F-9EBE-9FC12239209D}.Debug|Any CPU.Build.0 = Debug|Any CPU
		{B3FA7D61-F9E5-4D7F-9EBE-9FC12239209D}.Release|Any CPU.ActiveCfg = Release|Any CPU
		{B3FA7D61-F9E5-4D7F-9EBE-9FC12239209D}.Release|Any CPU.Build.0 = Release|Any CPU
		{2994ACD0-C29B-4A36-BBA6-CE59674012F3}.Debug|Any CPU.ActiveCfg = Debug|Any CPU
		{2994ACD0-C29B-4A36-BBA6-CE59674012F3}.Debug|Any CPU.Build.0 = Debug|Any CPU
		{2994ACD0-C29B-4A36-BBA6-CE59674012F3}.Release|Any CPU.ActiveCfg = Release|Any CPU
		{2994ACD0-C29B-4A36-BBA6-CE59674012F3}.Release|Any CPU.Build.0 = Release|Any CPU
		{939D8319-6E32-4700-BE9F-C1D079F57DDD}.Debug|Any CPU.ActiveCfg = Debug|Any CPU
		{939D8319-6E32-4700-BE9F-C1D079F57DDD}.Debug|Any CPU.Build.0 = Debug|Any CPU
		{939D8319-6E32-4700-BE9F-C1D079F57DDD}.Release|Any CPU.ActiveCfg = Release|Any CPU
		{939D8319-6E32-4700-BE9F-C1D079F57DDD}.Release|Any CPU.Build.0 = Release|Any CPU
		{AA3432F9-5F04-46ED-9773-D7E0759DDCDA}.Debug|Any CPU.ActiveCfg = Debug|Any CPU
		{AA3432F9-5F04-46ED-9773-D7E0759DDCDA}.Debug|Any CPU.Build.0 = Debug|Any CPU
		{AA3432F9-5F04-46ED-9773-D7E0759DDCDA}.Release|Any CPU.ActiveCfg = Release|Any CPU
		{AA3432F9-5F04-46ED-9773-D7E0759DDCDA}.Release|Any CPU.Build.0 = Release|Any CPU
		{C1B39937-D89D-4A32-833F-4A2BC44B661F}.Debug|Any CPU.ActiveCfg = Debug|Any CPU
		{C1B39937-D89D-4A32-833F-4A2BC44B661F}.Debug|Any CPU.Build.0 = Debug|Any CPU
		{C1B39937-D89D-4A32-833F-4A2BC44B661F}.Release|Any CPU.ActiveCfg = Release|Any CPU
		{C1B39937-D89D-4A32-833F-4A2BC44B661F}.Release|Any CPU.Build.0 = Release|Any CPU
		{43E7624C-ACC9-4154-9363-5CFCFC2B493E}.Debug|Any CPU.ActiveCfg = Debug|Any CPU
		{43E7624C-ACC9-4154-9363-5CFCFC2B493E}.Debug|Any CPU.Build.0 = Debug|Any CPU
		{43E7624C-ACC9-4154-9363-5CFCFC2B493E}.Release|Any CPU.ActiveCfg = Release|Any CPU
		{43E7624C-ACC9-4154-9363-5CFCFC2B493E}.Release|Any CPU.Build.0 = Release|Any CPU
		{681F85B4-9E2D-4668-8FA4-A33203DF5B6C}.Debug|Any CPU.ActiveCfg = Debug|Any CPU
		{681F85B4-9E2D-4668-8FA4-A33203DF5B6C}.Debug|Any CPU.Build.0 = Debug|Any CPU
		{681F85B4-9E2D-4668-8FA4-A33203DF5B6C}.Release|Any CPU.ActiveCfg = Release|Any CPU
		{681F85B4-9E2D-4668-8FA4-A33203DF5B6C}.Release|Any CPU.Build.0 = Release|Any CPU
	EndGlobalSection
	GlobalSection(SolutionProperties) = preSolution
		HideSolutionNode = FALSE
	EndGlobalSection
	GlobalSection(ExtensibilityGlobals) = postSolution
		SolutionGuid = {A6D22F23-8D57-4347-AEDC-6C5997FB3D75}
	EndGlobalSection
EndGlobal
